
Microsoft Visual Studio Solution File, Format Version 12.00
# Visual Studio 2012
Project("{FAE04EC0-301F-11D3-BF4B-00C04F79EFBC}") = "mopub-android-binding", "mopub-android-binding\mopub-android-binding.csproj", "{733680FF-090F-4757-975B-E73F20E5677B}"
EndProject
Global
	GlobalSection(SolutionConfigurationPlatforms) = preSolution
		Debug|Any CPU = Debug|Any CPU
		Release|Any CPU = Release|Any CPU
	EndGlobalSection
	GlobalSection(ProjectConfigurationPlatforms) = postSolution
		{733680FF-090F-4757-975B-E73F20E5677B}.Debug|Any CPU.ActiveCfg = Debug|Any CPU
		{733680FF-090F-4757-975B-E73F20E5677B}.Debug|Any CPU.Build.0 = Debug|Any CPU
		{733680FF-090F-4757-975B-E73F20E5677B}.Release|Any CPU.ActiveCfg = Release|Any CPU
		{733680FF-090F-4757-975B-E73F20E5677B}.Release|Any CPU.Build.0 = Release|Any CPU
	EndGlobalSection
EndGlobal
